{
  "pins" : [
    {
      "identity" : "kingfisher",
      "kind" : "remoteSourceControl",
      "location" : "https://github.com/onevcat/Kingfisher.git",
      "state" : {
        "branch" : "master",
        "revision" : "229f637beeb7b4ef81006e951a17a7cf2c52ccf0"
      }
    }
  ],
  "version" : 2
}
